
Microsoft Visual Studio Solution File, Format Version 12.00
# Visual Studio Version 17
VisualStudioVersion = 17.8.34330.188
MinimumVisualStudioVersion = 10.0.40219.1
Project("{FAE04EC0-301F-11D3-BF4B-00C04F79EFBC}") = "Desafio1FrancoMartinez", "Ejercicio1Clase1\Desafio1FrancoMartinez.csproj", "{9FB106A5-9301-4F55-81DD-8A68B134E9DB}"
EndProject
Global
	GlobalSection(SolutionConfigurationPlatforms) = preSolution
		Debug|Any CPU = Debug|Any CPU
		Release|Any CPU = Release|Any CPU
	EndGlobalSection
	GlobalSection(ProjectConfigurationPlatforms) = postSolution
		{9FB106A5-9301-4F55-81DD-8A68B134E9DB}.Debug|Any CPU.ActiveCfg = Debug|Any CPU
		{9FB106A5-9301-4F55-81DD-8A68B134E9DB}.Debug|Any CPU.Build.0 = Debug|Any CPU
		{9FB106A5-9301-4F55-81DD-8A68B134E9DB}.Release|Any CPU.ActiveCfg = Release|Any CPU
		{9FB106A5-9301-4F55-81DD-8A68B134E9DB}.Release|Any CPU.Build.0 = Release|Any CPU
	EndGlobalSection
	GlobalSection(SolutionProperties) = preSolution
		HideSolutionNode = FALSE
	EndGlobalSection
	GlobalSection(ExtensibilityGlobals) = postSolution
		SolutionGuid = {5AE5C7AC-6393-470A-A643-27D17D6AEFEE}
	EndGlobalSection
EndGlobal
